
Microsoft Visual Studio Solution File, Format Version 12.00
# Visual Studio Version 17
VisualStudioVersion = 17.11.35208.52
MinimumVisualStudioVersion = 10.0.40219.1
Project("{FAE04EC0-301F-11D3-BF4B-00C04F79EFBC}") = "Mongo4Net.Api", "Mongo4Net.Api\Mongo4Net.Api.csproj", "{EA27755A-7D11-4CD6-8676-68B3FF7BD3EC}"
EndProject
Global
	GlobalSection(SolutionConfigurationPlatforms) = preSolution
		Debug|Any CPU = Debug|Any CPU
		Release|Any CPU = Release|Any CPU
	EndGlobalSection
	GlobalSection(ProjectConfigurationPlatforms) = postSolution
		{EA27755A-7D11-4CD6-8676-68B3FF7BD3EC}.Debug|Any CPU.ActiveCfg = Debug|Any CPU
		{EA27755A-7D11-4CD6-8676-68B3FF7BD3EC}.Debug|Any CPU.Build.0 = Debug|Any CPU
		{EA27755A-7D11-4CD6-8676-68B3FF7BD3EC}.Release|Any CPU.ActiveCfg = Release|Any CPU
		{EA27755A-7D11-4CD6-8676-68B3FF7BD3EC}.Release|Any CPU.Build.0 = Release|Any CPU
	EndGlobalSection
	GlobalSection(SolutionProperties) = preSolution
		HideSolutionNode = FALSE
	EndGlobalSection
	GlobalSection(ExtensibilityGlobals) = postSolution
		SolutionGuid = {47492BCA-6638-4B86-9E0B-1FC29AECCC48}
	EndGlobalSection
EndGlobal
